// !$*UTF8*$!
{
	archiveVersion = 1;
	classes = {
	};
	objectVersion = 56;
	objects = {

/* Begin PBXBuildFile section */
		5E1FD30C2FB078D900B50063 /* numnamApp.swift in Sources */ = {isa = PBXBuildFile; fileRef = 5E1FD30B2FB078D900B50063 /* numnamApp.swift */; };
		5E1FD30E2FB078D900B50063 /* ContentView.swift in Sources */ = {isa = PBXBuildFile; fileRef = 5E1FD30D2FB078D900B50063 /* ContentView.swift */; };
		5E1FD3102FB078DB00B50063 /* Assets.xcassets in Resources */ = {isa = PBXBuildFile; fileRef = 5E1FD30F2FB078DB00B50063 /* Assets.xcassets */; };
		5E1FD3132FB078DB00B50063 /* Preview Assets.xcassets in Resources */ = {isa = PBXBuildFile; fileRef = 5E1FD3122FB078DB00B50063 /* Preview Assets.xcassets */; };
		5E1FD31D2FB078DC00B50063 /* numnamTests.swift in Sources */ = {isa = PBXBuildFile; fileRef = 5E1FD31C2FB078DC00B50063 /* numnamTests.swift */; };
		5E1FD3272FB078DC00B50063 /* numnamUITests.swift in Sources */ = {isa = PBXBuildFile; fileRef = 5E1FD3262FB078DC00B50063 /* numnamUITests.swift */; };
		5E1FD3292FB078DC00B50063 /* numnamUITestsLaunchTests.swift in Sources */ = {isa = PBXBuildFile; fileRef = 5E1FD3282FB078DC00B50063 /* numnamUITestsLaunchTests.swift */; };
/* End PBXBuildFile section */

/* Begin PBXContainerItemProxy section */
		5E1FD3192FB078DC00B50063 /* PBXContainerItemProxy */ = {
			isa = PBXContainerItemProxy;
			containerPortal = 5E1FD3002FB078D900B50063 /* Project object */;
			proxyType = 1;
			remoteGlobalIDString = 5E1FD3072FB078D900B50063;
			remoteInfo = numnam;
		};
		5E1FD3232FB078DC00B50063 /* PBXContainerItemProxy */ = {
			isa = PBXContainerItemProxy;
			containerPortal = 5E1FD3002FB078D900B50063 /* Project object */;
			proxyType = 1;
			remoteGlobalIDString = 5E1FD3072FB078D900B50063;
			remoteInfo = numnam;
		};
/* End PBXContainerItemProxy section */

/* Begin PBXFileReference section */
		5E1FD3082FB078D900B50063 /* numnam.app */ = {isa = PBXFileReference; explicitFileType = wrapper.application; includeInIndex = 0; path = numnam.app; sourceTree = BUILT_PRODUCTS_DIR; };
		5E1FD30B2FB078D900B50063 /* numnamApp.swift */ = {isa = PBXFileReference; lastKnownFileType = sourcecode.swift; path = numnamApp.swift; sourceTree = "<group>"; };
		5E1FD30D2FB078D900B50063 /* ContentView.swift */ = {isa = PBXFileReference; lastKnownFileType = sourcecode.swift; path = ContentView.swift; sourceTree = "<group>"; };
		5E1FD30F2FB078DB00B50063 /* Assets.xcassets */ = {isa = PBXFileReference; lastKnownFileType = folder.assetcatalog; path = Assets.xcassets; sourceTree = "<group>"; };
		5E1FD3122FB078DB00B50063 /* Preview Assets.xcassets */ = {isa = PBXFileReference; lastKnownFileType = folder.assetcatalog; path = "Preview Assets.xcassets"; sourceTree = "<group>"; };
		5E1FD3182FB078DC00B50063 /* numnamTests.xctest */ = {isa = PBXFileReference; explicitFileType = wrapper.cfbundle; includeInIndex = 0; path = numnamTests.xctest; sourceTree = BUILT_PRODUCTS_DIR; };
		5E1FD31C2FB078DC00B50063 /* numnamTests.swift */ = {isa = PBXFileReference; lastKnownFileType = sourcecode.swift; path = numnamTests.swift; sourceTree = "<group>"; };
		5E1FD3222FB078DC00B50063 /* numnamUITests.xctest */ = {isa = PBXFileReference; explicitFileType = wrapper.cfbundle; includeInIndex = 0; path = numnamUITests.xctest; sourceTree = BUILT_PRODUCTS_DIR; };
		5E1FD3262FB078DC00B50063 /* numnamUITests.swift */ = {isa = PBXFileReference; lastKnownFileType = sourcecode.swift; path = numnamUITests.swift; sourceTree = "<group>"; };
		5E1FD3282FB078DC00B50063 /* numnamUITestsLaunchTests.swift */ = {isa = PBXFileReference; lastKnownFileType = sourcecode.swift; path = numnamUITestsLaunchTests.swift; sourceTree = "<group>"; };
/* End PBXFileReference section */

/* Begin PBXFrameworksBuildPhase section */
		5E1FD3052FB078D900B50063 /* Frameworks */ = {
			isa = PBXFrameworksBuildPhase;
			buildActionMask = 2147483647;
			files = (
			);
			runOnlyForDeploymentPostprocessing = 0;
		};
		5E1FD3152FB078DC00B50063 /* Frameworks */ = {
			isa = PBXFrameworksBuildPhase;
			buildActionMask = 2147483647;
			files = (
			);
			runOnlyForDeploymentPostprocessing = 0;
		};
		5E1FD31F2FB078DC00B50063 /* Frameworks */ = {
			isa = PBXFrameworksBuildPhase;
			buildActionMask = 2147483647;
			files = (
			);
			runOnlyForDeploymentPostprocessing = 0;
		};
/* End PBXFrameworksBuildPhase section */

/* Begin PBXGroup section */
		5E1FD2FF2FB078D900B50063 = {
			isa = PBXGroup;
			children = (
				5E1FD30A2FB078D900B50063 /* numnam */,
				5E1FD31B2FB078DC00B50063 /* numnamTests */,
				5E1FD3252FB078DC00B50063 /* numnamUITests */,
				5E1FD3092FB078D900B50063 /* Products */,
			);
			sourceTree = "<group>";
		};
		5E1FD3092FB078D900B50063 /* Products */ = {
			isa = PBXGroup;
			children = (
				5E1FD3082FB078D900B50063 /* numnam.app */,
				5E1FD3182FB078DC00B50063 /* numnamTests.xctest */,
				5E1FD3222FB078DC00B50063 /* numnamUITests.xctest */,
			);
			name = Products;
			sourceTree = "<group>";
		};
		5E1FD30A2FB078D900B50063 /* numnam */ = {
			isa = PBXGroup;
			children = (
				5E1FD30B2FB078D900B50063 /* numnamApp.swift */,
				5E1FD30D2FB078D900B50063 /* ContentView.swift */,
				5E1FD30F2FB078DB00B50063 /* Assets.xcassets */,
				5E1FD3112FB078DB00B50063 /* Preview Content */,
			);
			path = numnam;
			sourceTree = "<group>";
		};
		5E1FD3112FB078DB00B50063 /* Preview Content */ = {
			isa = PBXGroup;
			children = (
				5E1FD3122FB078DB00B50063 /* Preview Assets.xcassets */,
			);
			path = "Preview Content";
			sourceTree = "<group>";
		};
		5E1FD31B2FB078DC00B50063 /* numnamTests */ = {
			isa = PBXGroup;
			children = (
				5E1FD31C2FB078DC00B50063 /* numnamTests.swift */,
			);
			path = numnamTests;
			sourceTree = "<group>";
		};
		5E1FD3252FB078DC00B50063 /* numnamUITests */ = {
			isa = PBXGroup;
			children = (
				5E1FD3262FB078DC00B50063 /* numnamUITests.swift */,
				5E1FD3282FB078DC00B50063 /* numnamUITestsLaunchTests.swift */,
			);
			path = numnamUITests;
			sourceTree = "<group>";
		};
/* End PBXGroup section */

/* Begin PBXNativeTarget section */
		5E1FD3072FB078D900B50063 /* numnam */ = {
			isa = PBXNativeTarget;
			buildConfigurationList = 5E1FD32C2FB078DC00B50063 /* Build configuration list for PBXNativeTarget "numnam" */;
			buildPhases = (
				5E1FD3042FB078D900B50063 /* Sources */,
				5E1FD3052FB078D900B50063 /* Frameworks */,
				5E1FD3062FB078D900B50063 /* Resources */,
			);
			buildRules = (
			);
			dependencies = (
			);
			name = numnam;
			productName = numnam;
			productReference = 5E1FD3082FB078D900B50063 /* numnam.app */;
			productType = "com.apple.product-type.application";
		};
		5E1FD3172FB078DC00B50063 /* numnamTests */ = {
			isa = PBXNativeTarget;
			buildConfigurationList = 5E1FD32F2FB078DC00B50063 /* Build configuration list for PBXNativeTarget "numnamTests" */;
			buildPhases = (
				5E1FD3142FB078DC00B50063 /* Sources */,
				5E1FD3152FB078DC00B50063 /* Frameworks */,
				5E1FD3162FB078DC00B50063 /* Resources */,
			);
			buildRules = (
			);
			dependencies = (
				5E1FD31A2FB078DC00B50063 /* PBXTargetDependency */,
			);
			name = numnamTests;
			productName = numnamTests;
			productReference = 5E1FD3182FB078DC00B50063 /* numnamTests.xctest */;
			productType = "com.apple.product-type.bundle.unit-test";
		};
		5E1FD3212FB078DC00B50063 /* numnamUITests */ = {
			isa = PBXNativeTarget;
			buildConfigurationList = 5E1FD3322FB078DC00B50063 /* Build configuration list for PBXNativeTarget "numnamUITests" */;
			buildPhases = (
				5E1FD31E2FB078DC00B50063 /* Sources */,
				5E1FD31F2FB078DC00B50063 /* Frameworks */,
				5E1FD3202FB078DC00B50063 /* Resources */,
			);
			buildRules = (
			);
			dependencies = (
				5E1FD3242FB078DC00B50063 /* PBXTargetDependency */,
			);
			name = numnamUITests;
			productName = numnamUITests;
			productReference = 5E1FD3222FB078DC00B50063 /* numnamUITests.xctest */;
			productType = "com.apple.product-type.bundle.ui-testing";
		};
/* End PBXNativeTarget section */

/* Begin PBXProject section */
		5E1FD3002FB078D900B50063 /* Project object */ = {
			isa = PBXProject;
			attributes = {
				BuildIndependentTargetsInParallel = 1;
				LastSwiftUpdateCheck = 1420;
				LastUpgradeCheck = 1420;
				TargetAttributes = {
					5E1FD3072FB078D900B50063 = {
						CreatedOnToolsVersion = 14.2;
					};
					5E1FD3172FB078DC00B50063 = {
						CreatedOnToolsVersion = 14.2;
						TestTargetID = 5E1FD3072FB078D900B50063;
					};
					5E1FD3212FB078DC00B50063 = {
						CreatedOnToolsVersion = 14.2;
						TestTargetID = 5E1FD3072FB078D900B50063;
					};
				};
			};
			buildConfigurationList = 5E1FD3032FB078D900B50063 /* Build configuration list for PBXProject "numnam" */;
			compatibilityVersion = "Xcode 14.0";
			developmentRegion = en;
			hasScannedForEncodings = 0;
			knownRegions = (
				en,
				Base,
			);
			mainGroup = 5E1FD2FF2FB078D900B50063;
			productRefGroup = 5E1FD3092FB078D900B50063 /* Products */;
			projectDirPath = "";
			projectRoot = "";
			targets = (
				5E1FD3072FB078D900B50063 /* numnam */,
				5E1FD3172FB078DC00B50063 /* numnamTests */,
				5E1FD3212FB078DC00B50063 /* numnamUITests */,
			);
		};
/* End PBXProject section */

/* Begin PBXResourcesBuildPhase section */
		5E1FD3062FB078D900B50063 /* Resources */ = {
			isa = PBXResourcesBuildPhase;
			buildActionMask = 2147483647;
			files = (
				5E1FD3132FB078DB00B50063 /* Preview Assets.xcassets in Resources */,
				5E1FD3102FB078DB00B50063 /* Assets.xcassets in Resources */,
			);
			runOnlyForDeploymentPostprocessing = 0;
		};
		5E1FD3162FB078DC00B50063 /* Resources */ = {
			isa = PBXResourcesBuildPhase;
			buildActionMask = 2147483647;
			files = (
			);
			runOnlyForDeploymentPostprocessing = 0;
		};
		5E1FD3202FB078DC00B50063 /* Resources */ = {
			isa = PBXResourcesBuildPhase;
			buildActionMask = 2147483647;
			files = (
			);
			runOnlyForDeploymentPostprocessing = 0;
		};
/* End PBXResourcesBuildPhase section */

/* Begin PBXSourcesBuildPhase section */
		5E1FD3042FB078D900B50063 /* Sources */ = {
			isa = PBXSourcesBuildPhase;
			buildActionMask = 2147483647;
			files = (
				5E1FD30E2FB078D900B50063 /* ContentView.swift in Sources */,
				5E1FD30C2FB078D900B50063 /* numnamApp.swift in Sources */,
			);
			runOnlyForDeploymentPostprocessing = 0;
		};
		5E1FD3142FB078DC00B50063 /* Sources */ = {
			isa = PBXSourcesBuildPhase;
			buildActionMask = 2147483647;
			files = (
				5E1FD31D2FB078DC00B50063 /* numnamTests.swift in Sources */,
			);
			runOnlyForDeploymentPostprocessing = 0;
		};
		5E1FD31E2FB078DC00B50063 /* Sources */ = {
			isa = PBXSourcesBuildPhase;
			buildActionMask = 2147483647;
			files = (
				5E1FD3292FB078DC00B50063 /* numnamUITestsLaunchTests.swift in Sources */,
				5E1FD3272FB078DC00B50063 /* numnamUITests.swift in Sources */,
			);
			runOnlyForDeploymentPostprocessing = 0;
		};
/* End PBXSourcesBuildPhase section */

/* Begin PBXTargetDependency section */
		5E1FD31A2FB078DC00B50063 /* PBXTargetDependency */ = {
			isa = PBXTargetDependency;
			target = 5E1FD3072FB078D900B50063 /* numnam */;
			targetProxy = 5E1FD3192FB078DC00B50063 /* PBXContainerItemProxy */;
		};
		5E1FD3242FB078DC00B50063 /* PBXTargetDependency */ = {
			isa = PBXTargetDependency;
			target = 5E1FD3072FB078D900B50063 /* numnam */;
			targetProxy = 5E1FD3232FB078DC00B50063 /* PBXContainerItemProxy */;
		};
/* End PBXTargetDependency section */

/* Begin XCBuildConfiguration section */
		5E1FD32A2FB078DC00B50063 /* Debug */ = {
			isa = XCBuildConfiguration;
			buildSettings = {
				ALWAYS_SEARCH_USER_PATHS = NO;
				CLANG_ANALYZER_NONNULL = YES;
				CLANG_ANALYZER_NUMBER_OBJECT_CONVERSION = YES_AGGRESSIVE;
				CLANG_CXX_LANGUAGE_STANDARD = "gnu++20";
				CLANG_ENABLE_MODULES = YES;
				CLANG_ENABLE_OBJC_ARC = YES;
				CLANG_ENABLE_OBJC_WEAK = YES;
				CLANG_WARN_BLOCK_CAPTURE_AUTORELEASING = YES;
				CLANG_WARN_BOOL_CONVERSION = YES;
				CLANG_WARN_COMMA = YES;
				CLANG_WARN_CONSTANT_CONVERSION = YES;
				CLANG_WARN_DEPRECATED_OBJC_IMPLEMENTATIONS = YES;
				CLANG_WARN_DIRECT_OBJC_ISA_USAGE = YES_ERROR;
				CLANG_WARN_DOCUMENTATION_COMMENTS = YES;
				CLANG_WARN_EMPTY_BODY = YES;
				CLANG_WARN_ENUM_CONVERSION = YES;
				CLANG_WARN_INFINITE_RECURSION = YES;
				CLANG_WARN_INT_CONVERSION = YES;
				CLANG_WARN_NON_LITERAL_NULL_CONVERSION = YES;
				CLANG_WARN_OBJC_IMPLICIT_RETAIN_SELF = YES;
				CLANG_WARN_OBJC_LITERAL_CONVERSION = YES;
				CLANG_WARN_OBJC_ROOT_CLASS = YES_ERROR;
				CLANG_WARN_QUOTED_INCLUDE_IN_FRAMEWORK_HEADER = YES;
				CLANG_WARN_RANGE_LOOP_ANALYSIS = YES;
				CLANG_WARN_STRICT_PROTOTYPES = YES;
				CLANG_WARN_SUSPICIOUS_MOVE = YES;
				CLANG_WARN_UNGUARDED_AVAILABILITY = YES_AGGRESSIVE;
				CLANG_WARN_UNREACHABLE_CODE = YES;
				CLANG_WARN__DUPLICATE_METHOD_MATCH = YES;
				COPY_PHASE_STRIP = NO;
				DEBUG_INFORMATION_FORMAT = dwarf;
				ENABLE_STRICT_OBJC_MSGSEND = YES;
				ENABLE_TESTABILITY = YES;
				GCC_C_LANGUAGE_STANDARD = gnu11;
				GCC_DYNAMIC_NO_PIC = NO;
				GCC_NO_COMMON_BLOCKS = YES;
				GCC_OPTIMIZATION_LEVEL = 0;
				GCC_PREPROCESSOR_DEFINITIONS = (
					"DEBUG=1",
					"$(inherited)",
				);
				GCC_WARN_64_TO_32_BIT_CONVERSION = YES;
				GCC_WARN_ABOUT_RETURN_TYPE = YES_ERROR;
				GCC_WARN_UNDECLARED_SELECTOR = YES;
				GCC_WARN_UNINITIALIZED_AUTOS = YES_AGGRESSIVE;
				GCC_WARN_UNUSED_FUNCTION = YES;
				GCC_WARN_UNUSED_VARIABLE = YES;
				IPHONEOS_DEPLOYMENT_TARGET = 16.2;
				MTL_ENABLE_DEBUG_INFO = INCLUDE_SOURCE;
				MTL_FAST_MATH = YES;
				ONLY_ACTIVE_ARCH = YES;
				SDKROOT = iphoneos;
				SWIFT_ACTIVE_COMPILATION_CONDITIONS = DEBUG;
				SWIFT_OPTIMIZATION_LEVEL = "-Onone";
			};
			name = Debug;
		};
		5E1FD32B2FB078DC00B50063 /* Release */ = {
			isa = XCBuildConfiguration;
			buildSettings = {
				ALWAYS_SEARCH_USER_PATHS = NO;
				CLANG_ANALYZER_NONNULL = YES;
				CLANG_ANALYZER_NUMBER_OBJECT_CONVERSION = YES_AGGRESSIVE;
				CLANG_CXX_LANGUAGE_STANDARD = "gnu++20";
				CLANG_ENABLE_MODULES = YES;
				CLANG_ENABLE_OBJC_ARC = YES;
				CLANG_ENABLE_OBJC_WEAK = YES;
				CLANG_WARN_BLOCK_CAPTURE_AUTORELEASING = YES;
				CLANG_WARN_BOOL_CONVERSION = YES;
				CLANG_WARN_COMMA = YES;
				CLANG_WARN_CONSTANT_CONVERSION = YES;
				CLANG_WARN_DEPRECATED_OBJC_IMPLEMENTATIONS = YES;
				CLANG_WARN_DIRECT_OBJC_ISA_USAGE = YES_ERROR;
				CLANG_WARN_DOCUMENTATION_COMMENTS = YES;
				CLANG_WARN_EMPTY_BODY = YES;
				CLANG_WARN_ENUM_CONVERSION = YES;
				CLANG_WARN_INFINITE_RECURSION = YES;
				CLANG_WARN_INT_CONVERSION = YES;
				CLANG_WARN_NON_LITERAL_NULL_CONVERSION = YES;
				CLANG_WARN_OBJC_IMPLICIT_RETAIN_SELF = YES;
				CLANG_WARN_OBJC_LITERAL_CONVERSION = YES;
				CLANG_WARN_OBJC_ROOT_CLASS = YES_ERROR;
				CLANG_WARN_QUOTED_INCLUDE_IN_FRAMEWORK_HEADER = YES;
				CLANG_WARN_RANGE_LOOP_ANALYSIS = YES;
				CLANG_WARN_STRICT_PROTOTYPES = YES;
				CLANG_WARN_SUSPICIOUS_MOVE = YES;
				CLANG_WARN_UNGUARDED_AVAILABILITY = YES_AGGRESSIVE;
				CLANG_WARN_UNREACHABLE_CODE = YES;
				CLANG_WARN__DUPLICATE_METHOD_MATCH = YES;
				COPY_PHASE_STRIP = NO;
				DEBUG_INFORMATION_FORMAT = "dwarf-with-dsym";
				ENABLE_NS_ASSERTIONS = NO;
				ENABLE_STRICT_OBJC_MSGSEND = YES;
				GCC_C_LANGUAGE_STANDARD = gnu11;
				GCC_NO_COMMON_BLOCKS = YES;
				GCC_WARN_64_TO_32_BIT_CONVERSION = YES;
				GCC_WARN_ABOUT_RETURN_TYPE = YES_ERROR;
				GCC_WARN_UNDECLARED_SELECTOR = YES;
				GCC_WARN_UNINITIALIZED_AUTOS = YES_AGGRESSIVE;
				GCC_WARN_UNUSED_FUNCTION = YES;
				GCC_WARN_UNUSED_VARIABLE = YES;
				IPHONEOS_DEPLOYMENT_TARGET = 16.2;
				MTL_ENABLE_DEBUG_INFO = NO;
				MTL_FAST_MATH = YES;
				SDKROOT = iphoneos;
				SWIFT_COMPILATION_MODE = wholemodule;
				SWIFT_OPTIMIZATION_LEVEL = "-O";
				VALIDATE_PRODUCT = YES;
			};
			name = Release;
		};
		5E1FD32D2FB078DC00B50063 /* Debug */ = {
			isa = XCBuildConfiguration;
			buildSettings = {
				ASSETCATALOG_COMPILER_APPICON_NAME = AppIcon;
				ASSETCATALOG_COMPILER_GLOBAL_ACCENT_COLOR_NAME = AccentColor;
				CODE_SIGN_STYLE = Automatic;
				CURRENT_PROJECT_VERSION = 1;
				DEVELOPMENT_ASSET_PATHS = "\"numnam/Preview Content\"";
				ENABLE_PREVIEWS = YES;
				GENERATE_INFOPLIST_FILE = YES;
				INFOPLIST_KEY_UIApplicationSceneManifest_Generation = YES;
				INFOPLIST_KEY_UIApplicationSupportsIndirectInputEvents = YES;
				INFOPLIST_KEY_UILaunchScreen_Generation = YES;
				INFOPLIST_KEY_UISupportedInterfaceOrientations_iPad = "UIInterfaceOrientationPortrait UIInterfaceOrientationPortraitUpsideDown UIInterfaceOrientationLandscapeLeft UIInterfaceOrientationLandscapeRight";
				INFOPLIST_KEY_UISupportedInterfaceOrientations_iPhone = "UIInterfaceOrientationPortrait UIInterfaceOrientationLandscapeLeft UIInterfaceOrientationLandscapeRight";
				LD_RUNPATH_SEARCH_PATHS = (
					"$(inherited)",
					"@executable_path/Frameworks",
				);
				MARKETING_VERSION = 1.0;
				PRODUCT_BUNDLE_IDENTIFIER = com.numnam.mobileApp.numnam;
				PRODUCT_NAME = "$(TARGET_NAME)";
				SWIFT_EMIT_LOC_STRINGS = YES;
				SWIFT_VERSION = 5.0;
				TARGETED_DEVICE_FAMILY = "1,2";
			};
			name = Debug;
		};
		5E1FD32E2FB078DC00B50063 /* Release */ = {
			isa = XCBuildConfiguration;
			buildSettings = {
				ASSETCATALOG_COMPILER_APPICON_NAME = AppIcon;
				ASSETCATALOG_COMPILER_GLOBAL_ACCENT_COLOR_NAME = AccentColor;
				CODE_SIGN_STYLE = Automatic;
				CURRENT_PROJECT_VERSION = 1;
				DEVELOPMENT_ASSET_PATHS = "\"numnam/Preview Content\"";
				ENABLE_PREVIEWS = YES;
				GENERATE_INFOPLIST_FILE = YES;
				INFOPLIST_KEY_UIApplicationSceneManifest_Generation = YES;
				INFOPLIST_KEY_UIApplicationSupportsIndirectInputEvents = YES;
				INFOPLIST_KEY_UILaunchScreen_Generation = YES;
				INFOPLIST_KEY_UISupportedInterfaceOrientations_iPad = "UIInterfaceOrientationPortrait UIInterfaceOrientationPortraitUpsideDown UIInterfaceOrientationLandscapeLeft UIInterfaceOrientationLandscapeRight";
				INFOPLIST_KEY_UISupportedInterfaceOrientations_iPhone = "UIInterfaceOrientationPortrait UIInterfaceOrientationLandscapeLeft UIInterfaceOrientationLandscapeRight";
				LD_RUNPATH_SEARCH_PATHS = (
					"$(inherited)",
					"@executable_path/Frameworks",
				);
				MARKETING_VERSION = 1.0;
				PRODUCT_BUNDLE_IDENTIFIER = com.numnam.mobileApp.numnam;
				PRODUCT_NAME = "$(TARGET_NAME)";
				SWIFT_EMIT_LOC_STRINGS = YES;
				SWIFT_VERSION = 5.0;
				TARGETED_DEVICE_FAMILY = "1,2";
			};
			name = Release;
		};
		5E1FD3302FB078DC00B50063 /* Debug */ = {
			isa = XCBuildConfiguration;
			buildSettings = {
				ALWAYS_EMBED_SWIFT_STANDARD_LIBRARIES = YES;
				BUNDLE_LOADER = "$(TEST_HOST)";
				CODE_SIGN_STYLE = Automatic;
				CURRENT_PROJECT_VERSION = 1;
				GENERATE_INFOPLIST_FILE = YES;
				IPHONEOS_DEPLOYMENT_TARGET = 16.2;
				MARKETING_VERSION = 1.0;
				PRODUCT_BUNDLE_IDENTIFIER = com.numnam.mobileApp.numnamTests;
				PRODUCT_NAME = "$(TARGET_NAME)";
				SWIFT_EMIT_LOC_STRINGS = NO;
				SWIFT_VERSION = 5.0;
				TARGETED_DEVICE_FAMILY = "1,2";
				TEST_HOST = "$(BUILT_PRODUCTS_DIR)/numnam.app/$(BUNDLE_EXECUTABLE_FOLDER_PATH)/numnam";
			};
			name = Debug;
		};
		5E1FD3312FB078DC00B50063 /* Release */ = {
			isa = XCBuildConfiguration;
			buildSettings = {
				ALWAYS_EMBED_SWIFT_STANDARD_LIBRARIES = YES;
				BUNDLE_LOADER = "$(TEST_HOST)";
				CODE_SIGN_STYLE = Automatic;
				CURRENT_PROJECT_VERSION = 1;
				GENERATE_INFOPLIST_FILE = YES;
				IPHONEOS_DEPLOYMENT_TARGET = 16.2;
				MARKETING_VERSION = 1.0;
				PRODUCT_BUNDLE_IDENTIFIER = com.numnam.mobileApp.numnamTests;
				PRODUCT_NAME = "$(TARGET_NAME)";
				SWIFT_EMIT_LOC_STRINGS = NO;
				SWIFT_VERSION = 5.0;
				TARGETED_DEVICE_FAMILY = "1,2";
				TEST_HOST = "$(BUILT_PRODUCTS_DIR)/numnam.app/$(BUNDLE_EXECUTABLE_FOLDER_PATH)/numnam";
			};
			name = Release;
		};
		5E1FD3332FB078DC00B50063 /* Debug */ = {
			isa = XCBuildConfiguration;
			buildSettings = {
				ALWAYS_EMBED_SWIFT_STANDARD_LIBRARIES = YES;
				CODE_SIGN_STYLE = Automatic;
				CURRENT_PROJECT_VERSION = 1;
				GENERATE_INFOPLIST_FILE = YES;
				MARKETING_VERSION = 1.0;
				PRODUCT_BUNDLE_IDENTIFIER = com.numnam.mobileApp.numnamUITests;
				PRODUCT_NAME = "$(TARGET_NAME)";
				SWIFT_EMIT_LOC_STRINGS = NO;
				SWIFT_VERSION = 5.0;
				TARGETED_DEVICE_FAMILY = "1,2";
				TEST_TARGET_NAME = numnam;
			};
			name = Debug;
		};
		5E1FD3342FB078DC00B50063 /* Release */ = {
			isa = XCBuildConfiguration;
			buildSettings = {
				ALWAYS_EMBED_SWIFT_STANDARD_LIBRARIES = YES;
				CODE_SIGN_STYLE = Automatic;
				CURRENT_PROJECT_VERSION = 1;
				GENERATE_INFOPLIST_FILE = YES;
				MARKETING_VERSION = 1.0;
				PRODUCT_BUNDLE_IDENTIFIER = com.numnam.mobileApp.numnamUITests;
				PRODUCT_NAME = "$(TARGET_NAME)";
				SWIFT_EMIT_LOC_STRINGS = NO;
				SWIFT_VERSION = 5.0;
				TARGETED_DEVICE_FAMILY = "1,2";
				TEST_TARGET_NAME = numnam;
			};
			name = Release;
		};
/* End XCBuildConfiguration section */

/* Begin XCConfigurationList section */
		5E1FD3032FB078D900B50063 /* Build configuration list for PBXProject "numnam" */ = {
			isa = XCConfigurationList;
			buildConfigurations = (
				5E1FD32A2FB078DC00B50063 /* Debug */,
				5E1FD32B2FB078DC00B50063 /* Release */,
			);
			defaultConfigurationIsVisible = 0;
			defaultConfigurationName = Release;
		};
		5E1FD32C2FB078DC00B50063 /* Build configuration list for PBXNativeTarget "numnam" */ = {
			isa = XCConfigurationList;
			buildConfigurations = (
				5E1FD32D2FB078DC00B50063 /* Debug */,
				5E1FD32E2FB078DC00B50063 /* Release */,
			);
			defaultConfigurationIsVisible = 0;
			defaultConfigurationName = Release;
		};
		5E1FD32F2FB078DC00B50063 /* Build configuration list for PBXNativeTarget "numnamTests" */ = {
			isa = XCConfigurationList;
			buildConfigurations = (
				5E1FD3302FB078DC00B50063 /* Debug */,
				5E1FD3312FB078DC00B50063 /* Release */,
			);
			defaultConfigurationIsVisible = 0;
			defaultConfigurationName = Release;
		};
		5E1FD3322FB078DC00B50063 /* Build configuration list for PBXNativeTarget "numnamUITests" */ = {
			isa = XCConfigurationList;
			buildConfigurations = (
				5E1FD3332FB078DC00B50063 /* Debug */,
				5E1FD3342FB078DC00B50063 /* Release */,
			);
			defaultConfigurationIsVisible = 0;
			defaultConfigurationName = Release;
		};
/* End XCConfigurationList section */
	};
	rootObject = 5E1FD3002FB078D900B50063 /* Project object */;
}
